Microsoft Visual Studio Solution File, Format Version 12.00
# Visual Studio Version 17
VisualStudioVersion = 17.5.2.0
MinimumVisualStudioVersion = 10.0.40219.1
Project("{FAE04EC0-301F-11D3-BF4B-00C04F79EFBC}") = "SystemReview", "SystemReview.csproj", "{C3662A08-8C08-53BE-0FE4-CBCFF25ADB4D}"
EndProject
Global
	GlobalSection(SolutionConfigurationPlatforms) = preSolution
		Debug|Any CPU = Debug|Any CPU
		Release|Any CPU = Release|Any CPU
	EndGlobalSection
	GlobalSection(ProjectConfigurationPlatforms) = postSolution
		{C3662A08-8C08-53BE-0FE4-CBCFF25ADB4D}.Debug|Any CPU.ActiveCfg = Debug|Any CPU
		{C3662A08-8C08-53BE-0FE4-CBCFF25ADB4D}.Debug|Any CPU.Build.0 = Debug|Any CPU
		{C3662A08-8C08-53BE-0FE4-CBCFF25ADB4D}.Release|Any CPU.ActiveCfg = Release|Any CPU
		{C3662A08-8C08-53BE-0FE4-CBCFF25ADB4D}.Release|Any CPU.Build.0 = Release|Any CPU
	EndGlobalSection
	GlobalSection(SolutionProperties) = preSolution
		HideSolutionNode = FALSE
	EndGlobalSection
	GlobalSection(ExtensibilityGlobals) = postSolution
		SolutionGuid = {E1F02FC9-72D8-4120-974B-ECE5B1891441}
	EndGlobalSection
EndGlobal
